{
    "_meta": {
        "hash": {
            "sha256": "7499f36a8c077a415c998689afc1626cbd819188f724fbca99a290d2c98bfad7"
        },
        "pipfile-spec": 6,
        "requires": {
            "python_version": "3.10"
        },
        "sources": [
            {
                "name": "pypi",
                "url": "https://pypi.org/simple",
                "verify_ssl": true
            }
        ]
    },
    "default": {
        "anyio": {
            "hashes": [
                "sha256:25ea0d673ae30af41a0c442f81cf3b38c7e79fdc7b60335a4c14e05eb0947421",
                "sha256:fbbe32bd270d2a2ef3ed1c5d45041250284e31fc0a4df4a5a6071842051a51e3"
            ],
            "markers": "python_full_version >= '3.6.2'",
            "version": "==3.6.2"
        },
        "certifi": {
            "hashes": [
                "sha256:35824b4c3a97115964b408844d64aa14db1cc518f6562e8d7261699d1350a9e3",
                "sha256:4ad3232f5e926d6718ec31cfc1fcadfde020920e278684144551c91769c7bc18"
            ],
            "markers": "python_version >= '3.6'",
            "version": "==2022.12.7"
        },
        "chafa.py": {
            "hashes": [
                "sha256:01897e1c62feb8668f94a1fbcd602ea293c521cda9df3cfcd7f5e91d0b0fbffa",
                "sha256:044be4dae893f93a700de36cf41bc60c703e6fc9b747273463eb7ee9ddfc1716",
                "sha256:0f82d5469f6cc1642e554fb9ecfa8717c10bf31725254403a033e217178102e3",
                "sha256:105be7de9e61c4c7a7011ef5a54c26a65a8574074fc7e3fce6fb909e11621e76",
                "sha256:19429d6a85832210e6a29f0627e4fa92a5381a20bf076865dfd9843a19d98827",
                "sha256:1c58aea41676a1b9784a99d11de18b40b39b4f800c6b9299ee3eeab547f763c7",
                "sha256:267d9b74f6f826110e2eb04a517ef601773aad67f7192a90cad6e69340c491c3",
                "sha256:34eee1bc16fb01afd2301845724755721f1b540b72cee55dd4cb74ca76f8664d",
                "sha256:52ec55889132872f1ac04f7930b626e3e45b85721293ba726498610b7969a473",
                "sha256:73a8a4de458d301fd34f22082f05cda74f3c35a351cb64eda369a1f4384d7b2a",
                "sha256:7a7786356a45f62462242d836170824d2596df1b9047b6d670ff3092080c898e",
                "sha256:85cadf6f2ebf617acaac23395ffdef0bb709f83bbe7cd76c7bac83817e7efd1f",
                "sha256:92c56146902aa82526047fbc30190f27abe4b625a9a7d661f9c3826c874484b0",
                "sha256:a8233b1731c6fe0bbeadf86cae31241015d3186fb533bc3cc155460650dfc03c",
                "sha256:aa11a6e9e8060d245a5c738a228b301015470f29dc7256addcdad7acf70b5da1",
                "sha256:d98ac43d7aff62bd483f94d5e939b023344580f033978ef4b1159a3f41c0a3b4",
                "sha256:e0c7a5f414ba8700ca484bfc44f7694eb4224127774f490624c9adeec2a7c774",
                "sha256:e1a5a70c003c35862eb173451a1ae410ad518a716ac7dcce614b280be1e982bd",
                "sha256:e31c82e2bb2f2c90247058782c1a020042adb90c79193eb7a48919f9af6aebbe",
                "sha256:e5b4c9862db2e932e0271c1d31aa5456e03bbd16e3e12c066625f12e98b5f253",
                "sha256:eb5a0e17295eaf9d858274f56864403b1f94046854ae49c5cfffe82712fe52c8"
            ],
            "index": "pypi",
            "version": "==1.1.0"
        },
        "h11": {
            "hashes": [
                "sha256:8f19fbbe99e72420ff35c00b27a34cb9937e902a8b810e2c88300c6f0a3b699d",
                "sha256:e3fe4ac4b851c468cc8363d500db52c2ead036020723024a109d37346efaa761"
            ],
            "markers": "python_version >= '3.7'",
            "version": "==0.14.0"
        },
        "httpcore": {
            "hashes": [
                "sha256:c5d6f04e2fc530f39e0c077e6a30caa53f1451096120f1f38b954afd0b17c0cb",
                "sha256:da1fb708784a938aa084bde4feb8317056c55037247c787bd7e19eb2c2949dc0"
            ],
            "markers": "python_version >= '3.7'",
            "version": "==0.16.3"
        },
        "httpx": {
            "hashes": [
                "sha256:9818458eb565bb54898ccb9b8b251a28785dd4a55afbc23d0eb410754fe7d0f9",
                "sha256:a211fcce9b1254ea24f0cd6af9869b3d29aba40154e947d2a07bb499b3e310d6"
            ],
            "index": "pypi",
            "version": "==0.23.3"
        },
        "idna": {
            "hashes": [
                "sha256:814f528e8dead7d329833b91c5faa87d60bf71824cd12a7530b5526063d02cb4",
                "sha256:90b77e79eaa3eba6de819a0c442c0b4ceefc341a7a2ab77d7562bf49f425c5c2"
            ],
            "version": "==3.4"
        },
        "logzero": {
            "hashes": [
                "sha256:23eb1f717a2736f9ab91ca0d43160fd2c996ad49ae6bad34652d47aba908769d",
                "sha256:7f73ddd3ae393457236f081ffebd044a3aa2e423a47ae6ddb5179ab90d0ad082"
            ],
            "index": "pypi",
            "version": "==1.7.0"
        },
        "markdown-it-py": {
            "hashes": [
                "sha256:5a35f8d1870171d9acc47b99612dc146129b631baf04970128b568f190d0cc30",
                "sha256:7c9a5e412688bc771c67432cbfebcdd686c93ce6484913dccf06cb5a0bea35a1"
            ],
            "markers": "python_version >= '3.7'",
            "version": "==2.2.0"
        },
        "mdurl": {
            "hashes": [
                "sha256:84008a41e51615a49fc9966191ff91509e3c40b939176e643fd50a5c2196b8f8",
                "sha256:bb413d29f5eea38f31dd4754dd7377d4465116fb207585f97bf925588687c1ba"
            ],
            "markers": "python_version >= '3.7'",
            "version": "==0.1.2"
        },
        "pygments": {
            "hashes": [
                "sha256:77a3299119af881904cd5ecd1ac6a66214b6e9bed1f2db16993b54adede64094",
                "sha256:f7e36cffc4c517fbc252861b9a6e4644ca0e5abadf9a113c72d1358ad09b9500"
            ],
            "markers": "python_version >= '3.7'",
            "version": "==2.15.0"
        },
        "rfc3986": {
            "extras": [
                "idna2008"
            ],
            "hashes": [
                "sha256:270aaf10d87d0d4e095063c65bf3ddbc6ee3d0b226328ce21e036f946e421835",
                "sha256:a86d6e1f5b1dc238b218b012df0aa79409667bb209e58da56d0b94704e712a97"
            ],
            "version": "==1.5.0"
        },
        "rich": {
            "hashes": [
                "sha256:540c7d6d26a1178e8e8b37e9ba44573a3cd1464ff6348b99ee7061b95d1c6333",
                "sha256:dc84400a9d842b3a9c5ff74addd8eb798d155f36c1c91303888e0a66850d2a15"
            ],
            "index": "pypi",
            "version": "==13.3.3"
        },
        "slack-bolt": {
            "hashes": [
                "sha256:93b819955337e5ceaaa6871a06ef5f816b6376abc16a3080c0e7240487bc3bcb",
                "sha256:ca051f7c62346ecea4b363379de9357844b4f6c8b0c9d0784664d2543d47d42a"
            ],
            "index": "pypi",
            "version": "==1.17.0"
        },
        "slack-sdk": {
            "hashes": [
                "sha256:552c6961293da524def64e012543bc4b8859f96fa8780f016de6daf8abeb1c1c",
                "sha256:c5452d0bfa8cb716103522e51f695efac8d62af20d95e419b8c3265525941405"
            ],
            "markers": "python_full_version >= '3.6.0'",
            "version": "==3.21.0"
        },
        "sniffio": {
            "hashes": [
                "sha256:e60305c5e5d314f5389259b7f22aaa33d8f7dee49763119234af3755c55b9101",
                "sha256:eecefdce1e5bbfb7ad2eeaabf7c1eeb404d7757c379bd1f7e5cce9d8bf425384"
            ],
            "markers": "python_version >= '3.7'",
            "version": "==1.3.0"
        },
        "toml": {
            "hashes": [
                "sha256:806143ae5bfb6a3c6e736a764057db0e6a0e05e338b5630894a5f779cabb4f9b",
                "sha256:b3bda1d108d5dd99f4a20d24d9c348e91c4db7ab1b749200bded2f839ccbe68f"
            ],
            "index": "pypi",
            "version": "==0.10.2"
        }
    },
    "develop": {}
}
