{
    "_meta": {
        "hash": {
            "sha256": "5f0c875074b7955f2ee1e4df2fd12bee7c1a08691960998520545c191e103e29"
        },
        "pipfile-spec": 6,
        "requires": {
            "python_version": "3.10"
        },
        "sources": [
            {
                "name": "pypi",
                "url": "https://pypi.org/simple",
                "verify_ssl": true
            }
        ]
    },
    "default": {
        "anyio": {
            "hashes": [
                "sha256:25ea0d673ae30af41a0c442f81cf3b38c7e79fdc7b60335a4c14e05eb0947421",
                "sha256:fbbe32bd270d2a2ef3ed1c5d45041250284e31fc0a4df4a5a6071842051a51e3"
            ],
            "markers": "python_full_version >= '3.6.2'",
            "version": "==3.6.2"
        },
        "certifi": {
            "hashes": [
                "sha256:35824b4c3a97115964b408844d64aa14db1cc518f6562e8d7261699d1350a9e3",
                "sha256:4ad3232f5e926d6718ec31cfc1fcadfde020920e278684144551c91769c7bc18"
            ],
            "markers": "python_version >= '3.6'",
            "version": "==2022.12.7"
        },
        "chafa.py": {
            "hashes": [
                "sha256:00a624cf5fa4523bd4bef0d5b2a384866927da96e0121ae6e7d521c0bd8184ed",
                "sha256:0403c0f665a4db68cebc11ee32f4e3f17fdaee27fb2a790144fc715c237f4459",
                "sha256:0cd0a6cc16d22589868ada0cccd258d4f547579a3500583f663cc36bd490e1c3",
                "sha256:313182fdd54534e40af5b47beb43b5e8c569fd72d9e9f4ddea8e4d5180009f8b",
                "sha256:364c6688bf3b5472d2b8142ad69ea5e54c8194bd18b4daea700b11a0a5623f2d",
                "sha256:5a1adfd60c8b092bb2cc90ce5a25d8616fad587388e6e3ad98c70e8c0273160e",
                "sha256:6baaac82d9853c6e450d9ae0a4d5deca5459d1af1edd8f5f9ebf3d1831f2e79b",
                "sha256:7d1cd88c831903827f0082ec3afe7328ac8bdf2040d28c3ef9d722754fa27a6e",
                "sha256:82c25adc4a9e86737a5197a6878ca3564ced90db9e05f7e2ff478ac6d12b1baa",
                "sha256:869826ce69e1d3f748741a1383a92867b841abed5b541c6e7d6d942a6962a873",
                "sha256:8ac75f5b850bf4124f8a6854fdae0fc96a6807e3ede4d4c273cd1faab4a40d4d",
                "sha256:a01a96e902571e5878e25f0b854cf5c368dbedbca94926ea6c797e6efde75586",
                "sha256:a661a4737737407eae04479a20b2b32c3774aa6f41f482cacd8679058d504759",
                "sha256:b01f6d2fbae7af55e27eb73131398fe6651f0cd1b65a507f6cd4fec90bd68564",
                "sha256:b3ddad23cce50c7ae8a97974fa3b014fd2424879d28ef98a07666232f2b0ce74",
                "sha256:ca6d2450dc667f459e7dfd7d31b726867a1f59fe3b5c7c350618ce420f31db36",
                "sha256:caa34cb26b5238a7aa13badc792716fc0126b18550faa60d2f2d082079d4d3d0",
                "sha256:d36243eeea4832f501f5bb93cb353fc00b56a3132fa9c7797273c4efb7df2d0b",
                "sha256:dc06787d790962e0c174270fc9f9444a6638fc223d98943557c9a8c017a0a1f4",
                "sha256:e712f00da1c41093680d73b5ac8618ceefa421e1971be1cf06efc22ae1bf34fb",
                "sha256:fb3ca2fa514d2aa41e88ac256cc540f8ab53743678df3733a780c82d250feb44"
            ],
            "index": "pypi",
            "version": "==1.1.1"
        },
        "h11": {
            "hashes": [
                "sha256:8f19fbbe99e72420ff35c00b27a34cb9937e902a8b810e2c88300c6f0a3b699d",
                "sha256:e3fe4ac4b851c468cc8363d500db52c2ead036020723024a109d37346efaa761"
            ],
            "markers": "python_version >= '3.7'",
            "version": "==0.14.0"
        },
        "httpcore": {
            "hashes": [
                "sha256:0fdfea45e94f0c9fd96eab9286077f9ff788dd186635ae61b312693e4d943599",
                "sha256:cc045a3241afbf60ce056202301b4d8b6af08845e3294055eb26b09913ef903c"
            ],
            "markers": "python_version >= '3.7'",
            "version": "==0.17.0"
        },
        "httpx": {
            "hashes": [
                "sha256:447556b50c1921c351ea54b4fe79d91b724ed2b027462ab9a329465d147d5a4e",
                "sha256:507d676fc3e26110d41df7d35ebd8b3b8585052450f4097401c9be59d928c63e"
            ],
            "index": "pypi",
            "version": "==0.24.0"
        },
        "idna": {
            "hashes": [
                "sha256:814f528e8dead7d329833b91c5faa87d60bf71824cd12a7530b5526063d02cb4",
                "sha256:90b77e79eaa3eba6de819a0c442c0b4ceefc341a7a2ab77d7562bf49f425c5c2"
            ],
            "markers": "python_version >= '3.5'",
            "version": "==3.4"
        },
        "logzero": {
            "hashes": [
                "sha256:23eb1f717a2736f9ab91ca0d43160fd2c996ad49ae6bad34652d47aba908769d",
                "sha256:7f73ddd3ae393457236f081ffebd044a3aa2e423a47ae6ddb5179ab90d0ad082"
            ],
            "index": "pypi",
            "version": "==1.7.0"
        },
        "markdown-it-py": {
            "hashes": [
                "sha256:5a35f8d1870171d9acc47b99612dc146129b631baf04970128b568f190d0cc30",
                "sha256:7c9a5e412688bc771c67432cbfebcdd686c93ce6484913dccf06cb5a0bea35a1"
            ],
            "markers": "python_version >= '3.7'",
            "version": "==2.2.0"
        },
        "mdurl": {
            "hashes": [
                "sha256:84008a41e51615a49fc9966191ff91509e3c40b939176e643fd50a5c2196b8f8",
                "sha256:bb413d29f5eea38f31dd4754dd7377d4465116fb207585f97bf925588687c1ba"
            ],
            "markers": "python_version >= '3.7'",
            "version": "==0.1.2"
        },
        "pygments": {
            "hashes": [
                "sha256:77a3299119af881904cd5ecd1ac6a66214b6e9bed1f2db16993b54adede64094",
                "sha256:f7e36cffc4c517fbc252861b9a6e4644ca0e5abadf9a113c72d1358ad09b9500"
            ],
            "markers": "python_version >= '3.7'",
            "version": "==2.15.0"
        },
        "python-dateutil": {
            "hashes": [
                "sha256:0123cacc1627ae19ddf3c27a5de5bd67ee4586fbdd6440d9748f8abb483d3e86",
                "sha256:961d03dc3453ebbc59dbdea9e4e11c5651520a876d0f4db161e8674aae935da9"
            ],
            "index": "pypi",
            "version": "==2.8.2"
        },
        "rich": {
            "hashes": [
                "sha256:22b74cae0278fd5086ff44144d3813be1cedc9115bdfabbfefd86400cb88b20a",
                "sha256:b5d573e13605423ec80bdd0cd5f8541f7844a0e71a13f74cf454ccb2f490708b"
            ],
            "index": "pypi",
            "version": "==13.3.4"
        },
        "six": {
            "hashes": [
                "sha256:1e61c37477a1626458e36f7b1d82aa5c9b094fa4802892072e49de9c60c4c926",
                "sha256:8abb2f1d86890a2dfb989f9a77cfcfd3e47c2a354b01111771326f8aa26e0254"
            ],
            "markers": "python_version >= '2.7' and python_version not in '3.0, 3.1, 3.2, 3.3'",
            "version": "==1.16.0"
        },
        "slack-bolt": {
            "hashes": [
                "sha256:93b819955337e5ceaaa6871a06ef5f816b6376abc16a3080c0e7240487bc3bcb",
                "sha256:ca051f7c62346ecea4b363379de9357844b4f6c8b0c9d0784664d2543d47d42a"
            ],
            "index": "pypi",
            "version": "==1.17.0"
        },
        "slack-sdk": {
            "hashes": [
                "sha256:552c6961293da524def64e012543bc4b8859f96fa8780f016de6daf8abeb1c1c",
                "sha256:c5452d0bfa8cb716103522e51f695efac8d62af20d95e419b8c3265525941405"
            ],
            "markers": "python_full_version >= '3.6.0'",
            "version": "==3.21.0"
        },
        "sniffio": {
            "hashes": [
                "sha256:e60305c5e5d314f5389259b7f22aaa33d8f7dee49763119234af3755c55b9101",
                "sha256:eecefdce1e5bbfb7ad2eeaabf7c1eeb404d7757c379bd1f7e5cce9d8bf425384"
            ],
            "markers": "python_version >= '3.7'",
            "version": "==1.3.0"
        },
        "toml": {
            "hashes": [
                "sha256:806143ae5bfb6a3c6e736a764057db0e6a0e05e338b5630894a5f779cabb4f9b",
                "sha256:b3bda1d108d5dd99f4a20d24d9c348e91c4db7ab1b749200bded2f839ccbe68f"
            ],
            "index": "pypi",
            "version": "==0.10.2"
        }
    },
    "develop": {}
}
